{
  "Comment.nvim": { "branch": "master", "commit": "0236521ea582747b58869cb72f70ccfa967d2e89" },
  "LuaSnip": { "branch": "master", "commit": "8efa4e402a24df6a4713a2ec653147c49e8f73de" },
  "catppuccin": { "branch": "main", "commit": "85e93601e0f0b48aa2c6bbfae4d0e9d7a1898280" },
  "cellular-automaton.nvim": { "branch": "main", "commit": "b7d056dab963b5d3f2c560d92937cb51db61cb5b" },
  "clipboard-image.nvim": { "branch": "main", "commit": "d1550dc26729b7954f95269952e90471b838fa25" },
  "cmp-buffer": { "branch": "main", "commit": "3022dbc9166796b644a841a02de8dd1cc1d311fa" },
  "cmp-calc": { "branch": "main", "commit": "ce91d14d2e7a8b3f6ad86d85e34d41c1ae6268d9" },
  "cmp-cmdline": { "branch": "main", "commit": "8ee981b4a91f536f52add291594e89fb6645e451" },
  "cmp-dap": { "branch": "master", "commit": "d16f14a210cd28988b97ca8339d504533b7e09a4" },
  "cmp-fuzzy-path": { "branch": "master", "commit": "acdb3d74ff32325b6379e68686fe489c3da29b0a" },
  "cmp-nvim-lsp": { "branch": "main", "commit": "44b16d11215dce86f253ce0c30949813c0a90765" },
  "cmp-nvim-lsp-signature-help": { "branch": "main", "commit": "3d8912ebeb56e5ae08ef0906e3a54de1c66b92f1" },
  "cmp_luasnip": { "branch": "master", "commit": "18095520391186d634a0045dacaa346291096566" },
  "codeium.vim": { "branch": "main", "commit": "0affb1e25bb1ddf74faf326de9967e8c0e226ff0" },
  "copilot.lua": { "branch": "master", "commit": "2c942f33ba5c621c906e625e00a1bb504b65e2f0" },
  "everforest": { "branch": "master", "commit": "83b666410d7ae0eccf96dbbe3b4b6ac5b8172d38" },
  "fcitx.nvim": { "branch": "master", "commit": "dcb6b70888aa893d3d223bb777d4117bbdac06a7" },
  "flatten.nvim": { "branch": "main", "commit": "9d0fa9964f88de09990e661d1014487f9ad028fd" },
  "friendly-snippets": { "branch": "main", "commit": "ebf6d6e83494cdd88a54a429340256f4dbb6a052" },
  "fuzzy.nvim": { "branch": "master", "commit": "67a42ad2fa6d5ff41f0ef3cf69bb247410da5d7a" },
  "git-conflict.nvim": { "branch": "main", "commit": "896261933afe2fddf6fb043d9cd4d88301b151a9" },
  "gitsigns.nvim": { "branch": "main", "commit": "bce4576a9047085a528c479a7fe1e2f6b787b6c1" },
  "glance.nvim": { "branch": "master", "commit": "8ed5cf3b3b1231ea696d88c9efd977027429d869" },
  "hardhacker": { "branch": "main", "commit": "2d7beee9a08560ee9574002f7b7b719bad53b0e5" },
  "kanagawa.nvim": { "branch": "master", "commit": "a4e99f089110c6d00bc33f5497709200e914e763" },
  "key-menu.nvim": { "branch": "master", "commit": "8437c2a764707d75f7ecc418035f417b70534c69" },
  "markdown-preview.nvim": { "branch": "master", "commit": "02cc3874738bc0f86e4b91f09b8a0ac88aef8e96" },
  "nvim-autopairs": { "branch": "master", "commit": "7b3eb9b5813a22188c4dbb248475fcbaf9f4d195" },
  "nvim-cmp": { "branch": "main", "commit": "5dce1b778b85c717f6614e3f4da45e9f19f54435" },
  "nvim-colorizer.lua": { "branch": "master", "commit": "dde3084106a70b9a79d48f426f6d6fec6fd203f7" },
  "nvim-dap": { "branch": "master", "commit": "b3d4408e29d924fe130c9397a7c3b3630b3ea671" },
  "nvim-dap-ui": { "branch": "master", "commit": "34160a7ce6072ef332f350ae1d4a6a501daf0159" },
  "nvim-lspconfig": { "branch": "master", "commit": "4266f9bb36b4fb09edd19b67d95043cf7ff88ddf" },
  "nvim-surround": { "branch": "main", "commit": "1c2ef599abeeb98e40706830bcd27e90e259367a" },
  "nvim-treesitter": { "branch": "master", "commit": "c29d973c40f42fdf9823c2756c330fe7c8f7ca80" },
  "nvim-treesitter-endwise": { "branch": "master", "commit": "9298b3ac8fd6d0d8f9e321194c6d3fd37e417cf9" },
  "nvim-treesitter-textobjects": { "branch": "master", "commit": "bd103502252027434ec42f628d2dbf54821d4ce6" },
  "nvim-ts-context-commentstring": { "branch": "main", "commit": "95e9ba9de4289d221666b66fd930d157c7ca08c6" },
  "nvim-web-devicons": { "branch": "master", "commit": "973ab742f143a796a779af4d786ec409116a0d87" },
  "one-small-step-for-vimkind": { "branch": "main", "commit": "edbb34ee779049f2071dc7becff0bbf51c865906" },
  "plenary.nvim": { "branch": "master", "commit": "9ce85b0f7dcfe5358c0be937ad23e456907d410b" },
  "rnvimr": { "branch": "main", "commit": "5f0483d1c107ab1fe7e0af08cdf7900aa0dcb40e" },
  "rose-pine": { "branch": "main", "commit": "e29002cbee4854a9c8c4b148d8a52fae3176070f" },
  "telescope-fzf-native.nvim": { "branch": "main", "commit": "6c921ca12321edaa773e324ef64ea301a1d0da62" },
  "telescope-undo.nvim": { "branch": "main", "commit": "3dec002ea3e7952071d26fbb5d01e2038a58a554" },
  "telescope.nvim": { "branch": "master", "commit": "40c8d2fc2b729dd442eda093cf8c9496d6e23732" },
  "toggleterm.nvim": { "branch": "main", "commit": "0427b908ebefcb3701c7f2cfbdafa37d11afe71a" },
  "tokyonight.nvim": { "branch": "main", "commit": "9a01eada39558dc3243278e6805d90e8dff45dc0" },
  "treesj": { "branch": "main", "commit": "bff8c32b826e188fa558e94c7c93ac17a8ef0365" },
  "vim-easy-align": { "branch": "master", "commit": "12dd6316974f71ce333e360c0260b4e1f81169c3" },
  "vim-fugitive": { "branch": "master", "commit": "99db68d9b3304580bd383da7aaee05c7a954a344" },
  "vim-sleuth": { "branch": "master", "commit": "1cc4557420f215d02c4d2645a748a816c220e99b" },
  "vim-table-mode": { "branch": "master", "commit": "9555a3e6e5bcf285ec181b7fc983eea90500feb4" },
  "vimtex": { "branch": "master", "commit": "d7221267f5642e5904a45a8e661f751dff26c1a9" },
  "vscode-es7-javascript-react-snippets": { "branch": "master", "commit": "185bb91a0b692c54136663464e8225872c434637" },
  "vscode-svelte-snippets": { "branch": "master", "commit": "564ac3300bfeda01ff0bf6b89152cef43f85a4ce" }
}